{
    "_readme": [
        "This file locks the dependencies of your project to a known state",
        "Read more about it at https://getcomposer.org/doc/01-basic-usage.md#installing-dependencies",
        "This file is @generated automatically"
    ],
    "content-hash": "2df99113f99b46e868870857da52e1de",
    "packages": [
        {
            "name": "militer/mvc",
            "version": "dev-master",
            "source": {
                "type": "git",
                "url": "https://github.com/htmlcssjspro/mvc.git",
                "reference": "fac463ed18b588108312c69355249e0a00d595e9"
            },
            "dist": {
                "type": "zip",
                "url": "https://api.github.com/repos/htmlcssjspro/mvc/zipball/fac463ed18b588108312c69355249e0a00d595e9",
                "reference": "fac463ed18b588108312c69355249e0a00d595e9",
                "shasum": ""
            },
            "require": {
                "php": ">=7.4.0"
            },
            "type": "library",
            "autoload": {
                "psr-4": {
                    "Militer\\mvc\\": "src"
                }
            },
            "notification-url": "https://packagist.org/downloads/",
            "license": [
                "GPL-3.0-or-later"
            ],
            "authors": [
                {
                    "name": "Sergei MILITER Tarasov",
                    "email": "militer@htmlcssjs.pro",
                    "homepage": "https://htmlcssjs.pro",
                    "role": "Developer"
                }
            ],
            "description": "MILITER`s mini mvc",
            "homepage": "https://github.com/htmlcssjspro/mvc",
            "keywords": [
                "mvc",
                "php"
            ],
            "time": "2020-05-01T02:59:28+00:00"
        }
    ],
    "packages-dev": [],
    "aliases": [],
    "minimum-stability": "dev",
    "stability-flags": {
        "militer/mvc": 20
    },
    "prefer-stable": false,
    "prefer-lowest": false,
    "platform": [],
    "platform-dev": [],
    "plugin-api-version": "1.1.0"
}
